{
  "object": {
    "pins": [
      {
        "package": "swift-nio",
        "repositoryURL": "https://github.com/apple/swift-nio",
        "state": {
          "branch": null,
          "revision": "98434c1f1d687ff5a24d2cabfbd19b5c7d2d7a2f",
          "version": "1.13.0"
        }
      },
      {
        "package": "swift-nio-http2",
        "repositoryURL": "https://github.com/apple/swift-nio-http2",
        "state": {
          "branch": null,
          "revision": "d17462f586c3f2c9c12f81e37ed0d8a59ac9be1b",
          "version": "0.1.0"
        }
      },
      {
        "package": "swift-nio-http2-apns",
        "repositoryURL": "https://github.com/kylebrowning/swift-nio-http2-apns",
        "state": {
          "branch": "master",
          "revision": "e3f6a0013478d0f16c2b40c70690ec8abb05b2e4",
          "version": null
        }
      },
      {
        "package": "swift-nio-nghttp2-support",
        "repositoryURL": "https://github.com/apple/swift-nio-nghttp2-support.git",
        "state": {
          "branch": null,
          "revision": "324e323e92ab12e565d63bffb07b5833a63a425f",
          "version": "1.0.0"
        }
      },
      {
        "package": "swift-nio-ssl",
        "repositoryURL": "https://github.com/apple/swift-nio-ssl",
        "state": {
          "branch": null,
          "revision": "0f3999f3e3c359cc74480c292644c3419e44a12f",
          "version": "1.4.0"
        }
      },
      {
        "package": "swift-nio-ssl-support",
        "repositoryURL": "https://github.com/apple/swift-nio-ssl-support.git",
        "state": {
          "branch": null,
          "revision": "c02eec4e0e6d351cd092938cf44195a8e669f555",
          "version": "1.0.0"
        }
      },
      {
        "package": "swift-nio-zlib-support",
        "repositoryURL": "https://github.com/apple/swift-nio-zlib-support.git",
        "state": {
          "branch": null,
          "revision": "37760e9a52030bb9011972c5213c3350fa9d41fd",
          "version": "1.0.0"
        }
      }
    ]
  },
  "version": 1
}
